
Microsoft Visual Studio Solution File, Format Version 12.00
# Visual Studio Version 17
VisualStudioVersion = 17.0.31903.59
MinimumVisualStudioVersion = 10.0.40219.1
Project("{2150E333-8FDC-42A3-9474-1A3956D46DE8}") = "src", "src", "{482C2AD6-4D61-4CB3-8B1E-DB176BCB3CDD}"
EndProject
Project("{FAE04EC0-301F-11D3-BF4B-00C04F79EFBC}") = "StockPilot.Domain", "src\StockPilot.Domain\StockPilot.Domain.csproj", "{4C8A67AA-67B5-4327-837C-E6F671785F39}"
EndProject
Project("{FAE04EC0-301F-11D3-BF4B-00C04F79EFBC}") = "StockPilot.Application", "src\StockPilot.Application\StockPilot.Application.csproj", "{A96D8DC6-51B6-41A8-BA38-54552836FE9B}"
EndProject
Project("{FAE04EC0-301F-11D3-BF4B-00C04F79EFBC}") = "StockPilot.Infrastructure", "src\StockPilot.Infrastructure\StockPilot.Infrastructure.csproj", "{FC718928-2C92-4778-BCB3-EBC2C2BA5240}"
EndProject
Project("{FAE04EC0-301F-11D3-BF4B-00C04F79EFBC}") = "StockPilot.Api", "src\StockPilot.Api\StockPilot.Api.csproj", "{7D8A901F-4969-4DB9-8D93-8B4CB9B04742}"
EndProject
Project("{2150E333-8FDC-42A3-9474-1A3956D46DE8}") = "tests", "tests", "{A3570263-3764-4DED-97D8-3D5F4910A66E}"
EndProject
Project("{FAE04EC0-301F-11D3-BF4B-00C04F79EFBC}") = "StockPilot.Api.Tests", "tests\StockPilot.Api.Tests\StockPilot.Api.Tests.csproj", "{166E1092-81B0-4C1C-99BB-5A9E0F396F0B}"
EndProject
Project("{FAE04EC0-301F-11D3-BF4B-00C04F79EFBC}") = "StockPilot.API", "StockPilot.API\StockPilot.API.csproj", "{6972D9BD-C2A3-4327-8D3A-08DBA838E008}"
EndProject
Project("{FAE04EC0-301F-11D3-BF4B-00C04F79EFBC}") = "StockPilot.Tests", "StockPilot.Tests\StockPilot.Tests.csproj", "{837C1843-0DC2-450B-B9FE-0764443428DA}"
EndProject
Project("{FAE04EC0-301F-11D3-BF4B-00C04F79EFBC}") = "StockPilot.Procurement.Tests", "tests\StockPilot.Procurement.Tests\StockPilot.Procurement.Tests.csproj", "{712826D3-4AD7-4943-B448-41C2CAE8ED39}"
EndProject
Global
	GlobalSection(SolutionConfigurationPlatforms) = preSolution
		Debug|Any CPU = Debug|Any CPU
		Release|Any CPU = Release|Any CPU
	EndGlobalSection
	GlobalSection(SolutionProperties) = preSolution
		HideSolutionNode = FALSE
	EndGlobalSection
	GlobalSection(ProjectConfigurationPlatforms) = postSolution
		{4C8A67AA-67B5-4327-837C-E6F671785F39}.Debug|Any CPU.ActiveCfg = Debug|Any CPU
		{4C8A67AA-67B5-4327-837C-E6F671785F39}.Debug|Any CPU.Build.0 = Debug|Any CPU
		{4C8A67AA-67B5-4327-837C-E6F671785F39}.Release|Any CPU.ActiveCfg = Release|Any CPU
		{4C8A67AA-67B5-4327-837C-E6F671785F39}.Release|Any CPU.Build.0 = Release|Any CPU
		{A96D8DC6-51B6-41A8-BA38-54552836FE9B}.Debug|Any CPU.ActiveCfg = Debug|Any CPU
		{A96D8DC6-51B6-41A8-BA38-54552836FE9B}.Debug|Any CPU.Build.0 = Debug|Any CPU
		{A96D8DC6-51B6-41A8-BA38-54552836FE9B}.Release|Any CPU.ActiveCfg = Release|Any CPU
		{A96D8DC6-51B6-41A8-BA38-54552836FE9B}.Release|Any CPU.Build.0 = Release|Any CPU
		{FC718928-2C92-4778-BCB3-EBC2C2BA5240}.Debug|Any CPU.ActiveCfg = Debug|Any CPU
		{FC718928-2C92-4778-BCB3-EBC2C2BA5240}.Debug|Any CPU.Build.0 = Debug|Any CPU
		{FC718928-2C92-4778-BCB3-EBC2C2BA5240}.Release|Any CPU.ActiveCfg = Release|Any CPU
		{FC718928-2C92-4778-BCB3-EBC2C2BA5240}.Release|Any CPU.Build.0 = Release|Any CPU
		{7D8A901F-4969-4DB9-8D93-8B4CB9B04742}.Debug|Any CPU.ActiveCfg = Debug|Any CPU
		{7D8A901F-4969-4DB9-8D93-8B4CB9B04742}.Debug|Any CPU.Build.0 = Debug|Any CPU
		{7D8A901F-4969-4DB9-8D93-8B4CB9B04742}.Release|Any CPU.ActiveCfg = Release|Any CPU
		{7D8A901F-4969-4DB9-8D93-8B4CB9B04742}.Release|Any CPU.Build.0 = Release|Any CPU
		{166E1092-81B0-4C1C-99BB-5A9E0F396F0B}.Debug|Any CPU.ActiveCfg = Debug|Any CPU
		{166E1092-81B0-4C1C-99BB-5A9E0F396F0B}.Debug|Any CPU.Build.0 = Debug|Any CPU
		{166E1092-81B0-4C1C-99BB-5A9E0F396F0B}.Release|Any CPU.ActiveCfg = Release|Any CPU
		{166E1092-81B0-4C1C-99BB-5A9E0F396F0B}.Release|Any CPU.Build.0 = Release|Any CPU
		{6972D9BD-C2A3-4327-8D3A-08DBA838E008}.Debug|Any CPU.ActiveCfg = Debug|Any CPU
		{6972D9BD-C2A3-4327-8D3A-08DBA838E008}.Debug|Any CPU.Build.0 = Debug|Any CPU
		{6972D9BD-C2A3-4327-8D3A-08DBA838E008}.Release|Any CPU.ActiveCfg = Release|Any CPU
		{6972D9BD-C2A3-4327-8D3A-08DBA838E008}.Release|Any CPU.Build.0 = Release|Any CPU
		{837C1843-0DC2-450B-B9FE-0764443428DA}.Debug|Any CPU.ActiveCfg = Debug|Any CPU
		{837C1843-0DC2-450B-B9FE-0764443428DA}.Debug|Any CPU.Build.0 = Debug|Any CPU
		{837C1843-0DC2-450B-B9FE-0764443428DA}.Release|Any CPU.ActiveCfg = Release|Any CPU
		{837C1843-0DC2-450B-B9FE-0764443428DA}.Release|Any CPU.Build.0 = Release|Any CPU
		{712826D3-4AD7-4943-B448-41C2CAE8ED39}.Debug|Any CPU.ActiveCfg = Debug|Any CPU
		{712826D3-4AD7-4943-B448-41C2CAE8ED39}.Debug|Any CPU.Build.0 = Debug|Any CPU
		{712826D3-4AD7-4943-B448-41C2CAE8ED39}.Release|Any CPU.ActiveCfg = Release|Any CPU
		{712826D3-4AD7-4943-B448-41C2CAE8ED39}.Release|Any CPU.Build.0 = Release|Any CPU
	EndGlobalSection
	GlobalSection(NestedProjects) = preSolution
		{4C8A67AA-67B5-4327-837C-E6F671785F39} = {482C2AD6-4D61-4CB3-8B1E-DB176BCB3CDD}
		{A96D8DC6-51B6-41A8-BA38-54552836FE9B} = {482C2AD6-4D61-4CB3-8B1E-DB176BCB3CDD}
		{FC718928-2C92-4778-BCB3-EBC2C2BA5240} = {482C2AD6-4D61-4CB3-8B1E-DB176BCB3CDD}
		{7D8A901F-4969-4DB9-8D93-8B4CB9B04742} = {482C2AD6-4D61-4CB3-8B1E-DB176BCB3CDD}
		{166E1092-81B0-4C1C-99BB-5A9E0F396F0B} = {A3570263-3764-4DED-97D8-3D5F4910A66E}
		{712826D3-4AD7-4943-B448-41C2CAE8ED39} = {A3570263-3764-4DED-97D8-3D5F4910A66E}
	EndGlobalSection
EndGlobal
