
Microsoft Visual Studio Solution File, Format Version 12.00
# Visual Studio Version 17
VisualStudioVersion = 17.0.31903.59
MinimumVisualStudioVersion = 10.0.40219.1
Project("{2150E333-8FDC-42A3-9474-1A3956D46DE8}") = "src", "src", "{0CFBEE96-706D-4625-8691-D99300E2B32B}"
EndProject
Project("{FAE04EC0-301F-11D3-BF4B-00C04F79EFBC}") = "StockPilot.Procurement.Domain", "src\StockPilot.Procurement.Domain\StockPilot.Procurement.Domain.csproj", "{39976F39-0BF8-4A0C-9A89-E5427DF43BFC}"
EndProject
Project("{FAE04EC0-301F-11D3-BF4B-00C04F79EFBC}") = "StockPilot.Procurement.Application", "src\StockPilot.Procurement.Application\StockPilot.Procurement.Application.csproj", "{1F78C3DC-C2A2-48A4-BAD1-E2A103544E7D}"
EndProject
Project("{FAE04EC0-301F-11D3-BF4B-00C04F79EFBC}") = "StockPilot.Procurement.Infrastructure", "src\StockPilot.Procurement.Infrastructure\StockPilot.Procurement.Infrastructure.csproj", "{F303F93D-70BC-40C0-BC5A-4BFE2BD930F1}"
EndProject
Project("{FAE04EC0-301F-11D3-BF4B-00C04F79EFBC}") = "StockPilot.Procurement.Api", "src\StockPilot.Procurement.Api\StockPilot.Procurement.Api.csproj", "{FFDA881A-8D94-441B-8EF1-CA0DB9D7CC54}"
EndProject
Project("{2150E333-8FDC-42A3-9474-1A3956D46DE8}") = "tests", "tests", "{9F1B0818-9477-4E6F-B076-8E68CFC8BDA2}"
EndProject
Project("{FAE04EC0-301F-11D3-BF4B-00C04F79EFBC}") = "StockPilot.Procurement.Tests", "tests\StockPilot.Procurement.Tests\StockPilot.Procurement.Tests.csproj", "{6D7E33F0-D4A9-441E-B98E-82770334DF9E}"
EndProject
Global
	GlobalSection(SolutionConfigurationPlatforms) = preSolution
		Debug|Any CPU = Debug|Any CPU
		Release|Any CPU = Release|Any CPU
	EndGlobalSection
	GlobalSection(SolutionProperties) = preSolution
		HideSolutionNode = FALSE
	EndGlobalSection
	GlobalSection(ProjectConfigurationPlatforms) = postSolution
		{39976F39-0BF8-4A0C-9A89-E5427DF43BFC}.Debug|Any CPU.ActiveCfg = Debug|Any CPU
		{39976F39-0BF8-4A0C-9A89-E5427DF43BFC}.Debug|Any CPU.Build.0 = Debug|Any CPU
		{39976F39-0BF8-4A0C-9A89-E5427DF43BFC}.Release|Any CPU.ActiveCfg = Release|Any CPU
		{39976F39-0BF8-4A0C-9A89-E5427DF43BFC}.Release|Any CPU.Build.0 = Release|Any CPU
		{1F78C3DC-C2A2-48A4-BAD1-E2A103544E7D}.Debug|Any CPU.ActiveCfg = Debug|Any CPU
		{1F78C3DC-C2A2-48A4-BAD1-E2A103544E7D}.Debug|Any CPU.Build.0 = Debug|Any CPU
		{1F78C3DC-C2A2-48A4-BAD1-E2A103544E7D}.Release|Any CPU.ActiveCfg = Release|Any CPU
		{1F78C3DC-C2A2-48A4-BAD1-E2A103544E7D}.Release|Any CPU.Build.0 = Release|Any CPU
		{F303F93D-70BC-40C0-BC5A-4BFE2BD930F1}.Debug|Any CPU.ActiveCfg = Debug|Any CPU
		{F303F93D-70BC-40C0-BC5A-4BFE2BD930F1}.Debug|Any CPU.Build.0 = Debug|Any CPU
		{F303F93D-70BC-40C0-BC5A-4BFE2BD930F1}.Release|Any CPU.ActiveCfg = Release|Any CPU
		{F303F93D-70BC-40C0-BC5A-4BFE2BD930F1}.Release|Any CPU.Build.0 = Release|Any CPU
		{FFDA881A-8D94-441B-8EF1-CA0DB9D7CC54}.Debug|Any CPU.ActiveCfg = Debug|Any CPU
		{FFDA881A-8D94-441B-8EF1-CA0DB9D7CC54}.Debug|Any CPU.Build.0 = Debug|Any CPU
		{FFDA881A-8D94-441B-8EF1-CA0DB9D7CC54}.Release|Any CPU.ActiveCfg = Release|Any CPU
		{FFDA881A-8D94-441B-8EF1-CA0DB9D7CC54}.Release|Any CPU.Build.0 = Release|Any CPU
		{6D7E33F0-D4A9-441E-B98E-82770334DF9E}.Debug|Any CPU.ActiveCfg = Debug|Any CPU
		{6D7E33F0-D4A9-441E-B98E-82770334DF9E}.Debug|Any CPU.Build.0 = Debug|Any CPU
		{6D7E33F0-D4A9-441E-B98E-82770334DF9E}.Release|Any CPU.ActiveCfg = Release|Any CPU
		{6D7E33F0-D4A9-441E-B98E-82770334DF9E}.Release|Any CPU.Build.0 = Release|Any CPU
	EndGlobalSection
	GlobalSection(NestedProjects) = preSolution
		{39976F39-0BF8-4A0C-9A89-E5427DF43BFC} = {0CFBEE96-706D-4625-8691-D99300E2B32B}
		{1F78C3DC-C2A2-48A4-BAD1-E2A103544E7D} = {0CFBEE96-706D-4625-8691-D99300E2B32B}
		{F303F93D-70BC-40C0-BC5A-4BFE2BD930F1} = {0CFBEE96-706D-4625-8691-D99300E2B32B}
		{FFDA881A-8D94-441B-8EF1-CA0DB9D7CC54} = {0CFBEE96-706D-4625-8691-D99300E2B32B}
		{6D7E33F0-D4A9-441E-B98E-82770334DF9E} = {9F1B0818-9477-4E6F-B076-8E68CFC8BDA2}
	EndGlobalSection
EndGlobal
